
Microsoft Visual Studio Solution File, Format Version 12.00
# Visual Studio Version 16
VisualStudioVersion = 16.0.31005.135
MinimumVisualStudioVersion = 10.0.40219.1
Project("{8BC9CEB8-8B4A-11D0-8D11-00A0C91BC942}") = "Yoon's_Ardent_C++", "Yoon's_Ardent_C++.vcxproj", "{73AB2B0F-79EC-4BD0-A72F-F8C611D3DC7F}"
EndProject
Global
	GlobalSection(SolutionConfigurationPlatforms) = preSolution
		Debug|x64 = Debug|x64
		Debug|x86 = Debug|x86
		Release|x64 = Release|x64
		Release|x86 = Release|x86
	EndGlobalSection
	GlobalSection(ProjectConfigurationPlatforms) = postSolution
		{73AB2B0F-79EC-4BD0-A72F-F8C611D3DC7F}.Debug|x64.ActiveCfg = Debug|x64
		{73AB2B0F-79EC-4BD0-A72F-F8C611D3DC7F}.Debug|x64.Build.0 = Debug|x64
		{73AB2B0F-79EC-4BD0-A72F-F8C611D3DC7F}.Debug|x86.ActiveCfg = Debug|Win32
		{73AB2B0F-79EC-4BD0-A72F-F8C611D3DC7F}.Debug|x86.Build.0 = Debug|Win32
		{73AB2B0F-79EC-4BD0-A72F-F8C611D3DC7F}.Release|x64.ActiveCfg = Release|x64
		{73AB2B0F-79EC-4BD0-A72F-F8C611D3DC7F}.Release|x64.Build.0 = Release|x64
		{73AB2B0F-79EC-4BD0-A72F-F8C611D3DC7F}.Release|x86.ActiveCfg = Release|Win32
		{73AB2B0F-79EC-4BD0-A72F-F8C611D3DC7F}.Release|x86.Build.0 = Release|Win32
	EndGlobalSection
	GlobalSection(SolutionProperties) = preSolution
		HideSolutionNode = FALSE
	EndGlobalSection
	GlobalSection(ExtensibilityGlobals) = postSolution
		SolutionGuid = {3B848B13-342F-406D-82B5-B823E4DC4C79}
	EndGlobalSection
EndGlobal
